
Microsoft Visual Studio Solution File, Format Version 12.00
# Visual Studio Version 16
VisualStudioVersion = 16.0.30104.148
MinimumVisualStudioVersion = 10.0.40219.1
Project("{FAE04EC0-301F-11D3-BF4B-00C04F79EFBC}") = "Gaming-Library", "Gaming-Library\Gaming-Library.csproj", "{1543C752-C712-410E-9D9F-93BFAED1CBF2}"
EndProject
Project("{9A19103F-16F7-4668-BE54-9A1E7A4F7556}") = "Gaming-Library.Test", "Game-Library.Test\Gaming-Library.Test.csproj", "{F38C438E-9CA3-4CFC-BC7B-A30B3BCD3D7A}"
EndProject
Global
	GlobalSection(SolutionConfigurationPlatforms) = preSolution
		Debug|Any CPU = Debug|Any CPU
		Release|Any CPU = Release|Any CPU
	EndGlobalSection
	GlobalSection(ProjectConfigurationPlatforms) = postSolution
		{1543C752-C712-410E-9D9F-93BFAED1CBF2}.Debug|Any CPU.ActiveCfg = Debug|Any CPU
		{1543C752-C712-410E-9D9F-93BFAED1CBF2}.Debug|Any CPU.Build.0 = Debug|Any CPU
		{1543C752-C712-410E-9D9F-93BFAED1CBF2}.Release|Any CPU.ActiveCfg = Release|Any CPU
		{1543C752-C712-410E-9D9F-93BFAED1CBF2}.Release|Any CPU.Build.0 = Release|Any CPU
		{F38C438E-9CA3-4CFC-BC7B-A30B3BCD3D7A}.Debug|Any CPU.ActiveCfg = Debug|Any CPU
		{F38C438E-9CA3-4CFC-BC7B-A30B3BCD3D7A}.Debug|Any CPU.Build.0 = Debug|Any CPU
		{F38C438E-9CA3-4CFC-BC7B-A30B3BCD3D7A}.Release|Any CPU.ActiveCfg = Release|Any CPU
		{F38C438E-9CA3-4CFC-BC7B-A30B3BCD3D7A}.Release|Any CPU.Build.0 = Release|Any CPU
	EndGlobalSection
	GlobalSection(SolutionProperties) = preSolution
		HideSolutionNode = FALSE
	EndGlobalSection
	GlobalSection(ExtensibilityGlobals) = postSolution
		SolutionGuid = {5F6DBCDC-5C22-494F-8A6F-6F529D63BBBE}
	EndGlobalSection
EndGlobal
