
Microsoft Visual Studio Solution File, Format Version 12.00
# Visual Studio Version 16
VisualStudioVersion = 16.0.30104.148
MinimumVisualStudioVersion = 10.0.40219.1
Project("{FAE04EC0-301F-11D3-BF4B-00C04F79EFBC}") = "Gaming-Library", "Gaming-Library\Gaming-Library.csproj", "{1543C752-C712-410E-9D9F-93BFAED1CBF2}"
EndProject
Project("{FAE04EC0-301F-11D3-BF4B-00C04F79EFBC}") = "Game-Library.Test", "Game-Library.Test\Game-Library.Test.csproj", "{F15C9FD3-F831-4D3F-863B-64F79EB6D697}"
EndProject
Global
	GlobalSection(SolutionConfigurationPlatforms) = preSolution
		Debug|Any CPU = Debug|Any CPU
		Release|Any CPU = Release|Any CPU
	EndGlobalSection
	GlobalSection(ProjectConfigurationPlatforms) = postSolution
		{1543C752-C712-410E-9D9F-93BFAED1CBF2}.Debug|Any CPU.ActiveCfg = Debug|Any CPU
		{1543C752-C712-410E-9D9F-93BFAED1CBF2}.Debug|Any CPU.Build.0 = Debug|Any CPU
		{1543C752-C712-410E-9D9F-93BFAED1CBF2}.Release|Any CPU.ActiveCfg = Release|Any CPU
		{1543C752-C712-410E-9D9F-93BFAED1CBF2}.Release|Any CPU.Build.0 = Release|Any CPU
		{F15C9FD3-F831-4D3F-863B-64F79EB6D697}.Debug|Any CPU.ActiveCfg = Debug|Any CPU
		{F15C9FD3-F831-4D3F-863B-64F79EB6D697}.Debug|Any CPU.Build.0 = Debug|Any CPU
		{F15C9FD3-F831-4D3F-863B-64F79EB6D697}.Release|Any CPU.ActiveCfg = Release|Any CPU
		{F15C9FD3-F831-4D3F-863B-64F79EB6D697}.Release|Any CPU.Build.0 = Release|Any CPU
	EndGlobalSection
	GlobalSection(SolutionProperties) = preSolution
		HideSolutionNode = FALSE
	EndGlobalSection
	GlobalSection(ExtensibilityGlobals) = postSolution
		SolutionGuid = {5F6DBCDC-5C22-494F-8A6F-6F529D63BBBE}
	EndGlobalSection
EndGlobal
